
Microsoft Visual Studio Solution File, Format Version 12.00
# Visual Studio Version 17
VisualStudioVersion = 17.8.34322.80
MinimumVisualStudioVersion = 10.0.40219.1
Project("{FAE04EC0-301F-11D3-BF4B-00C04F79EFBC}") = "PaymentSystemClient", "PaymentSystemClient\PaymentSystemClient.csproj", "{9BB999D6-F5D8-4404-99D1-51E9708F99A5}"
EndProject
Global
	GlobalSection(SolutionConfigurationPlatforms) = preSolution
		Debug|Any CPU = Debug|Any CPU
		Release|Any CPU = Release|Any CPU
	EndGlobalSection
	GlobalSection(ProjectConfigurationPlatforms) = postSolution
		{9BB999D6-F5D8-4404-99D1-51E9708F99A5}.Debug|Any CPU.ActiveCfg = Debug|Any CPU
		{9BB999D6-F5D8-4404-99D1-51E9708F99A5}.Debug|Any CPU.Build.0 = Debug|Any CPU
		{9BB999D6-F5D8-4404-99D1-51E9708F99A5}.Release|Any CPU.ActiveCfg = Release|Any CPU
		{9BB999D6-F5D8-4404-99D1-51E9708F99A5}.Release|Any CPU.Build.0 = Release|Any CPU
	EndGlobalSection
	GlobalSection(SolutionProperties) = preSolution
		HideSolutionNode = FALSE
	EndGlobalSection
	GlobalSection(ExtensibilityGlobals) = postSolution
		SolutionGuid = {D816DA1C-4E78-4369-BE0A-F538912EA9F5}
	EndGlobalSection
EndGlobal
